
Microsoft Visual Studio Solution File, Format Version 12.00
# Visual Studio Version 17
VisualStudioVersion = 17.3.32819.101
MinimumVisualStudioVersion = 10.0.40219.1
Project("{9A19103F-16F7-4668-BE54-9A1E7A4F7556}") = "ShradhaBook_API", "ShradhaBook_API\ShradhaBook_API.csproj", "{ACE68CEC-613D-4D92-8401-EE834E1AD6A2}"
EndProject
Project("{FAE04EC0-301F-11D3-BF4B-00C04F79EFBC}") = "ShradhaBook_ClassLibrary", "ShradhaBook_ClassLibrary\ShradhaBook_ClassLibrary.csproj", "{F741044E-E66D-424D-9C82-A36F3BFD9283}"
EndProject
Global
	GlobalSection(SolutionConfigurationPlatforms) = preSolution
		Debug|Any CPU = Debug|Any CPU
		Release|Any CPU = Release|Any CPU
	EndGlobalSection
	GlobalSection(ProjectConfigurationPlatforms) = postSolution
		{ACE68CEC-613D-4D92-8401-EE834E1AD6A2}.Debug|Any CPU.ActiveCfg = Debug|Any CPU
		{ACE68CEC-613D-4D92-8401-EE834E1AD6A2}.Debug|Any CPU.Build.0 = Debug|Any CPU
		{ACE68CEC-613D-4D92-8401-EE834E1AD6A2}.Release|Any CPU.ActiveCfg = Release|Any CPU
		{ACE68CEC-613D-4D92-8401-EE834E1AD6A2}.Release|Any CPU.Build.0 = Release|Any CPU
		{F741044E-E66D-424D-9C82-A36F3BFD9283}.Debug|Any CPU.ActiveCfg = Debug|Any CPU
		{F741044E-E66D-424D-9C82-A36F3BFD9283}.Debug|Any CPU.Build.0 = Debug|Any CPU
		{F741044E-E66D-424D-9C82-A36F3BFD9283}.Release|Any CPU.ActiveCfg = Release|Any CPU
		{F741044E-E66D-424D-9C82-A36F3BFD9283}.Release|Any CPU.Build.0 = Release|Any CPU
	EndGlobalSection
	GlobalSection(SolutionProperties) = preSolution
		HideSolutionNode = FALSE
	EndGlobalSection
	GlobalSection(ExtensibilityGlobals) = postSolution
		SolutionGuid = {39D570DA-DCEC-4212-9FC7-B92145731BB4}
	EndGlobalSection
EndGlobal
